
Microsoft Visual Studio Solution File, Format Version 12.00
# Visual Studio 15
VisualStudioVersion = 15.0.26124.0
MinimumVisualStudioVersion = 15.0.26124.0
Project("{2150E333-8FDC-42A3-9474-1A3956D46DE8}") = "src", "src", "{E8E969D5-EE6C-4465-BAAF-B39D208F8176}"
EndProject
Project("{FAE04EC0-301F-11D3-BF4B-00C04F79EFBC}") = "SimpleAPI", "src\SimpleAPI\SimpleAPI.csproj", "{7CC89EF8-DE4F-4C9A-8495-493C5A75BE64}"
EndProject
Project("{2150E333-8FDC-42A3-9474-1A3956D46DE8}") = "test", "test", "{445D45E1-272E-42E2-9B30-ADA5F41EDB34}"
EndProject
Project("{FAE04EC0-301F-11D3-BF4B-00C04F79EFBC}") = "SimpleAPI.Test", "test\SimpleAPI.Test\SimpleAPI.Test.csproj", "{E97C65C7-64C0-4C58-B260-B4EAC3C31DD0}"
EndProject
Global
	GlobalSection(SolutionConfigurationPlatforms) = preSolution
		Debug|Any CPU = Debug|Any CPU
		Debug|x64 = Debug|x64
		Debug|x86 = Debug|x86
		Release|Any CPU = Release|Any CPU
		Release|x64 = Release|x64
		Release|x86 = Release|x86
	EndGlobalSection
	GlobalSection(SolutionProperties) = preSolution
		HideSolutionNode = FALSE
	EndGlobalSection
	GlobalSection(ProjectConfigurationPlatforms) = postSolution
		{7CC89EF8-DE4F-4C9A-8495-493C5A75BE64}.Debug|Any CPU.ActiveCfg = Debug|Any CPU
		{7CC89EF8-DE4F-4C9A-8495-493C5A75BE64}.Debug|Any CPU.Build.0 = Debug|Any CPU
		{7CC89EF8-DE4F-4C9A-8495-493C5A75BE64}.Debug|x64.ActiveCfg = Debug|Any CPU
		{7CC89EF8-DE4F-4C9A-8495-493C5A75BE64}.Debug|x64.Build.0 = Debug|Any CPU
		{7CC89EF8-DE4F-4C9A-8495-493C5A75BE64}.Debug|x86.ActiveCfg = Debug|Any CPU
		{7CC89EF8-DE4F-4C9A-8495-493C5A75BE64}.Debug|x86.Build.0 = Debug|Any CPU
		{7CC89EF8-DE4F-4C9A-8495-493C5A75BE64}.Release|Any CPU.ActiveCfg = Release|Any CPU
		{7CC89EF8-DE4F-4C9A-8495-493C5A75BE64}.Release|Any CPU.Build.0 = Release|Any CPU
		{7CC89EF8-DE4F-4C9A-8495-493C5A75BE64}.Release|x64.ActiveCfg = Release|Any CPU
		{7CC89EF8-DE4F-4C9A-8495-493C5A75BE64}.Release|x64.Build.0 = Release|Any CPU
		{7CC89EF8-DE4F-4C9A-8495-493C5A75BE64}.Release|x86.ActiveCfg = Release|Any CPU
		{7CC89EF8-DE4F-4C9A-8495-493C5A75BE64}.Release|x86.Build.0 = Release|Any CPU
		{E97C65C7-64C0-4C58-B260-B4EAC3C31DD0}.Debug|Any CPU.ActiveCfg = Debug|Any CPU
		{E97C65C7-64C0-4C58-B260-B4EAC3C31DD0}.Debug|Any CPU.Build.0 = Debug|Any CPU
		{E97C65C7-64C0-4C58-B260-B4EAC3C31DD0}.Debug|x64.ActiveCfg = Debug|Any CPU
		{E97C65C7-64C0-4C58-B260-B4EAC3C31DD0}.Debug|x64.Build.0 = Debug|Any CPU
		{E97C65C7-64C0-4C58-B260-B4EAC3C31DD0}.Debug|x86.ActiveCfg = Debug|Any CPU
		{E97C65C7-64C0-4C58-B260-B4EAC3C31DD0}.Debug|x86.Build.0 = Debug|Any CPU
		{E97C65C7-64C0-4C58-B260-B4EAC3C31DD0}.Release|Any CPU.ActiveCfg = Release|Any CPU
		{E97C65C7-64C0-4C58-B260-B4EAC3C31DD0}.Release|Any CPU.Build.0 = Release|Any CPU
		{E97C65C7-64C0-4C58-B260-B4EAC3C31DD0}.Release|x64.ActiveCfg = Release|Any CPU
		{E97C65C7-64C0-4C58-B260-B4EAC3C31DD0}.Release|x64.Build.0 = Release|Any CPU
		{E97C65C7-64C0-4C58-B260-B4EAC3C31DD0}.Release|x86.ActiveCfg = Release|Any CPU
		{E97C65C7-64C0-4C58-B260-B4EAC3C31DD0}.Release|x86.Build.0 = Release|Any CPU
	EndGlobalSection
	GlobalSection(NestedProjects) = preSolution
		{7CC89EF8-DE4F-4C9A-8495-493C5A75BE64} = {E8E969D5-EE6C-4465-BAAF-B39D208F8176}
		{E97C65C7-64C0-4C58-B260-B4EAC3C31DD0} = {445D45E1-272E-42E2-9B30-ADA5F41EDB34}
	EndGlobalSection
EndGlobal
